
Microsoft Visual Studio Solution File, Format Version 12.00
# Visual Studio 15
VisualStudioVersion = 15.0.28307.421
MinimumVisualStudioVersion = 10.0.40219.1
Project("{FAE04EC0-301F-11D3-BF4B-00C04F79EFBC}") = "tennis-capstone", "tennis-capstone\tennis-capstone.csproj", "{48476C5C-5823-46EB-BB6A-618370074B92}"
EndProject
Global
	GlobalSection(SolutionConfigurationPlatforms) = preSolution
		Debug|Any CPU = Debug|Any CPU
		Release|Any CPU = Release|Any CPU
	EndGlobalSection
	GlobalSection(ProjectConfigurationPlatforms) = postSolution
		{48476C5C-5823-46EB-BB6A-618370074B92}.Debug|Any CPU.ActiveCfg = Debug|Any CPU
		{48476C5C-5823-46EB-BB6A-618370074B92}.Debug|Any CPU.Build.0 = Debug|Any CPU
		{48476C5C-5823-46EB-BB6A-618370074B92}.Release|Any CPU.ActiveCfg = Release|Any CPU
		{48476C5C-5823-46EB-BB6A-618370074B92}.Release|Any CPU.Build.0 = Release|Any CPU
	EndGlobalSection
	GlobalSection(SolutionProperties) = preSolution
		HideSolutionNode = FALSE
	EndGlobalSection
	GlobalSection(ExtensibilityGlobals) = postSolution
		SolutionGuid = {204EB043-0759-4CEE-9C5A-A777367AE6E0}
	EndGlobalSection
EndGlobal
